// !$*UTF8*$!
{
	archiveVersion = 1;
	classes = {
	};
	objectVersion = 77;
	objects = {

/* Begin PBXBuildFile section */
		4F73F83CAD5544C952EEAEFD /* CaptureGuidanceEngineTests.swift in Sources */ = {isa = PBXBuildFile; fileRef = 5AE1B9F0A85D449246DDEE59 /* CaptureGuidanceEngineTests.swift */; };
		7F20D1F51186ADDE930ED86A /* StringArrayValueTransformerTests.swift in Sources */ = {isa = PBXBuildFile; fileRef = 024A74486FF76A06173AA167 /* StringArrayValueTransformerTests.swift */; };
		A59F931A9E5B4BE88AC4D93F /* PhotoImportServiceTests.swift in Sources */ = {isa = PBXBuildFile; fileRef = F3E1BB7C3E4641139E25AC03 /* PhotoImportServiceTests.swift */; };
/* End PBXBuildFile section */

/* Begin PBXContainerItemProxy section */
		C680A9061B5AAFF8B00F61E2 /* PBXContainerItemProxy */ = {
			isa = PBXContainerItemProxy;
			containerPortal = 90DFF8862F4A7B42005F8971 /* Project object */;
			proxyType = 1;
			remoteGlobalIDString = 90DFF88D2F4A7B42005F8971;
			remoteInfo = MOMENTO;
		};
/* End PBXContainerItemProxy section */

/* Begin PBXFileReference section */
		024A74486FF76A06173AA167 /* StringArrayValueTransformerTests.swift */ = {isa = PBXFileReference; includeInIndex = 1; lastKnownFileType = sourcecode.swift; name = StringArrayValueTransformerTests.swift; path = MOMENTOTests/StringArrayValueTransformerTests.swift; sourceTree = "<group>"; };
		5AE1B9F0A85D449246DDEE59 /* CaptureGuidanceEngineTests.swift */ = {isa = PBXFileReference; includeInIndex = 1; lastKnownFileType = sourcecode.swift; name = CaptureGuidanceEngineTests.swift; path = MOMENTOTests/CaptureGuidanceEngineTests.swift; sourceTree = "<group>"; };
		90DFF88E2F4A7B42005F8971 /* MOMENTO.app */ = {isa = PBXFileReference; explicitFileType = wrapper.application; includeInIndex = 0; path = MOMENTO.app; sourceTree = BUILT_PRODUCTS_DIR; };
		CE6EDB0BDFE1BA0361CD0C05 /* MOMENTOTests.xctest */ = {isa = PBXFileReference; explicitFileType = wrapper.cfbundle; includeInIndex = 0; path = MOMENTOTests.xctest; sourceTree = BUILT_PRODUCTS_DIR; };
		F3E1BB7C3E4641139E25AC03 /* PhotoImportServiceTests.swift */ = {isa = PBXFileReference; includeInIndex = 1; lastKnownFileType = sourcecode.swift; name = PhotoImportServiceTests.swift; path = MOMENTOTests/PhotoImportServiceTests.swift; sourceTree = "<group>"; };
/* End PBXFileReference section */

/* Begin PBXFileSystemSynchronizedRootGroup section */
		90DFF8902F4A7B42005F8971 /* MOMENTO */ = {
			isa = PBXFileSystemSynchronizedRootGroup;
			path = MOMENTO;
			sourceTree = "<group>";
		};
/* End PBXFileSystemSynchronizedRootGroup section */

/* Begin PBXFrameworksBuildPhase section */
		2CA9A1169EFF1A4BD49F4286 /* Frameworks */ = {
			isa = PBXFrameworksBuildPhase;
			buildActionMask = 2147483647;
			files = (
			);
			runOnlyForDeploymentPostprocessing = 0;
		};
		90DFF88B2F4A7B42005F8971 /* Frameworks */ = {
			isa = PBXFrameworksBuildPhase;
			buildActionMask = 2147483647;
			files = (
			);
			runOnlyForDeploymentPostprocessing = 0;
		};
/* End PBXFrameworksBuildPhase section */

/* Begin PBXGroup section */
		13F38960E133E689B9614DE0 /* Frameworks */ = {
			isa = PBXGroup;
			children = (
				BCE85F62EAD337066448A5A9 /* iOS */,
			);
			name = Frameworks;
			sourceTree = "<group>";
		};
		90DFF8852F4A7B42005F8971 = {
			isa = PBXGroup;
			children = (
				90DFF8902F4A7B42005F8971 /* MOMENTO */,
				90DFF88F2F4A7B42005F8971 /* Products */,
				13F38960E133E689B9614DE0 /* Frameworks */,
				E0E2CD00AD1CE8171AEF2EE4 /* MOMENTOTests */,
			);
			sourceTree = "<group>";
		};
		90DFF88F2F4A7B42005F8971 /* Products */ = {
			isa = PBXGroup;
			children = (
				90DFF88E2F4A7B42005F8971 /* MOMENTO.app */,
				CE6EDB0BDFE1BA0361CD0C05 /* MOMENTOTests.xctest */,
			);
			name = Products;
			sourceTree = "<group>";
		};
		BCE85F62EAD337066448A5A9 /* iOS */ = {
			isa = PBXGroup;
			children = (
			);
			name = iOS;
			sourceTree = "<group>";
		};
		E0E2CD00AD1CE8171AEF2EE4 /* MOMENTOTests */ = {
			isa = PBXGroup;
			children = (
				5AE1B9F0A85D449246DDEE59 /* CaptureGuidanceEngineTests.swift */,
				F3E1BB7C3E4641139E25AC03 /* PhotoImportServiceTests.swift */,
				024A74486FF76A06173AA167 /* StringArrayValueTransformerTests.swift */,
			);
			name = MOMENTOTests;
			sourceTree = "<group>";
		};
/* End PBXGroup section */

/* Begin PBXNativeTarget section */
		594EAA2829BCCCE8008DC33A /* MOMENTOTests */ = {
			isa = PBXNativeTarget;
			buildConfigurationList = 754D29E6BC265FE12C8A2838 /* Build configuration list for PBXNativeTarget "MOMENTOTests" */;
			buildPhases = (
				61CCA8E2E0FCF43AA2A435EC /* Sources */,
				2CA9A1169EFF1A4BD49F4286 /* Frameworks */,
				2F5D59B789CDACF67F095756 /* Resources */,
			);
			buildRules = (
			);
			dependencies = (
				161A8B851819C719DF9B5B2A /* PBXTargetDependency */,
			);
			name = MOMENTOTests;
			productName = MOMENTOTests;
			productReference = CE6EDB0BDFE1BA0361CD0C05 /* MOMENTOTests.xctest */;
			productType = "com.apple.product-type.bundle.unit-test";
		};
		90DFF88D2F4A7B42005F8971 /* MOMENTO */ = {
			isa = PBXNativeTarget;
			buildConfigurationList = 90DFF8992F4A7B43005F8971 /* Build configuration list for PBXNativeTarget "MOMENTO" */;
			buildPhases = (
				90DFF88A2F4A7B42005F8971 /* Sources */,
				90DFF88B2F4A7B42005F8971 /* Frameworks */,
				90DFF88C2F4A7B42005F8971 /* Resources */,
			);
			buildRules = (
			);
			dependencies = (
			);
			fileSystemSynchronizedGroups = (
				90DFF8902F4A7B42005F8971 /* MOMENTO */,
			);
			name = MOMENTO;
			productName = MOMENTO;
			productReference = 90DFF88E2F4A7B42005F8971 /* MOMENTO.app */;
			productType = "com.apple.product-type.application";
		};
/* End PBXNativeTarget section */

/* Begin PBXProject section */
		90DFF8862F4A7B42005F8971 /* Project object */ = {
			isa = PBXProject;
			attributes = {
				BuildIndependentTargetsInParallel = 1;
				LastSwiftUpdateCheck = 2620;
				LastUpgradeCheck = 2620;
				TargetAttributes = {
					90DFF88D2F4A7B42005F8971 = {
						CreatedOnToolsVersion = 26.2;
					};
				};
			};
			buildConfigurationList = 90DFF8892F4A7B42005F8971 /* Build configuration list for PBXProject "MOMENTO" */;
			developmentRegion = en;
			hasScannedForEncodings = 0;
			knownRegions = (
				en,
				Base,
			);
			mainGroup = 90DFF8852F4A7B42005F8971;
			minimizedProjectReferenceProxies = 1;
			preferredProjectObjectVersion = 77;
			productRefGroup = 90DFF88F2F4A7B42005F8971 /* Products */;
			projectDirPath = "";
			projectRoot = "";
			targets = (
				90DFF88D2F4A7B42005F8971 /* MOMENTO */,
				594EAA2829BCCCE8008DC33A /* MOMENTOTests */,
			);
		};
/* End PBXProject section */

/* Begin PBXResourcesBuildPhase section */
		2F5D59B789CDACF67F095756 /* Resources */ = {
			isa = PBXResourcesBuildPhase;
			buildActionMask = 2147483647;
			files = (
			);
			runOnlyForDeploymentPostprocessing = 0;
		};
		90DFF88C2F4A7B42005F8971 /* Resources */ = {
			isa = PBXResourcesBuildPhase;
			buildActionMask = 2147483647;
			files = (
			);
			runOnlyForDeploymentPostprocessing = 0;
		};
/* End PBXResourcesBuildPhase section */

/* Begin PBXSourcesBuildPhase section */
		61CCA8E2E0FCF43AA2A435EC /* Sources */ = {
			isa = PBXSourcesBuildPhase;
			buildActionMask = 2147483647;
			files = (
				4F73F83CAD5544C952EEAEFD /* CaptureGuidanceEngineTests.swift in Sources */,
				A59F931A9E5B4BE88AC4D93F /* PhotoImportServiceTests.swift in Sources */,
				7F20D1F51186ADDE930ED86A /* StringArrayValueTransformerTests.swift in Sources */,
			);
			runOnlyForDeploymentPostprocessing = 0;
		};
		90DFF88A2F4A7B42005F8971 /* Sources */ = {
			isa = PBXSourcesBuildPhase;
			buildActionMask = 2147483647;
			files = (
			);
			runOnlyForDeploymentPostprocessing = 0;
		};
/* End PBXSourcesBuildPhase section */

/* Begin PBXTargetDependency section */
		161A8B851819C719DF9B5B2A /* PBXTargetDependency */ = {
			isa = PBXTargetDependency;
			name = MOMENTO;
			target = 90DFF88D2F4A7B42005F8971 /* MOMENTO */;
			targetProxy = C680A9061B5AAFF8B00F61E2 /* PBXContainerItemProxy */;
		};
/* End PBXTargetDependency section */

/* Begin XCBuildConfiguration section */
		49B316AE04B7433FE0101F64 /* Release */ = {
			isa = XCBuildConfiguration;
			buildSettings = {
				BUNDLE_LOADER = "$(TEST_HOST)";
				CLANG_ENABLE_OBJC_WEAK = NO;
				CODE_SIGNING_ALLOWED = NO;
				CODE_SIGNING_REQUIRED = NO;
				CODE_SIGN_IDENTITY = "";
				CODE_SIGN_STYLE = Automatic;
				DEVELOPMENT_TEAM = 3LZ2R96K44;
				GENERATE_INFOPLIST_FILE = YES;
				IPHONEOS_DEPLOYMENT_TARGET = 18.0;
				LD_RUNPATH_SEARCH_PATHS = (
					"$(inherited)",
					"@executable_path/Frameworks",
					"@loader_path/Frameworks",
				);
				PRODUCT_BUNDLE_IDENTIFIER = marcshaw.MOMENTOTests;
				PRODUCT_NAME = "$(TARGET_NAME)";
				SDKROOT = iphoneos;
				SWIFT_VERSION = 5.0;
				TARGETED_DEVICE_FAMILY = "1,2";
				TEST_HOST = "$(BUILT_PRODUCTS_DIR)/MOMENTO.app/$(BUNDLE_EXECUTABLE_FOLDER_PATH)/MOMENTO";
				VALIDATE_PRODUCT = YES;
			};
			name = Release;
		};
		90DFF8972F4A7B43005F8971 /* Debug */ = {
			isa = XCBuildConfiguration;
			buildSettings = {
				ALWAYS_SEARCH_USER_PATHS = NO;
				ASSETCATALOG_COMPILER_GENERATE_SWIFT_ASSET_SYMBOL_EXTENSIONS = YES;
				CLANG_ANALYZER_NONNULL = YES;
				CLANG_ANALYZER_NUMBER_OBJECT_CONVERSION = YES_AGGRESSIVE;
				CLANG_CXX_LANGUAGE_STANDARD = "gnu++20";
				CLANG_ENABLE_MODULES = YES;
				CLANG_ENABLE_OBJC_ARC = YES;
				CLANG_ENABLE_OBJC_WEAK = YES;
				CLANG_WARN_BLOCK_CAPTURE_AUTORELEASING = YES;
				CLANG_WARN_BOOL_CONVERSION = YES;
				CLANG_WARN_COMMA = YES;
				CLANG_WARN_CONSTANT_CONVERSION = YES;
				CLANG_WARN_DEPRECATED_OBJC_IMPLEMENTATIONS = YES;
				CLANG_WARN_DIRECT_OBJC_ISA_USAGE = YES_ERROR;
				CLANG_WARN_DOCUMENTATION_COMMENTS = YES;
				CLANG_WARN_EMPTY_BODY = YES;
				CLANG_WARN_ENUM_CONVERSION = YES;
				CLANG_WARN_INFINITE_RECURSION = YES;
				CLANG_WARN_INT_CONVERSION = YES;
				CLANG_WARN_NON_LITERAL_NULL_CONVERSION = YES;
				CLANG_WARN_OBJC_IMPLICIT_RETAIN_SELF = YES;
				CLANG_WARN_OBJC_LITERAL_CONVERSION = YES;
				CLANG_WARN_OBJC_ROOT_CLASS = YES_ERROR;
				CLANG_WARN_QUOTED_INCLUDE_IN_FRAMEWORK_HEADER = YES;
				CLANG_WARN_RANGE_LOOP_ANALYSIS = YES;
				CLANG_WARN_STRICT_PROTOTYPES = YES;
				CLANG_WARN_SUSPICIOUS_MOVE = YES;
				CLANG_WARN_UNGUARDED_AVAILABILITY = YES_AGGRESSIVE;
				CLANG_WARN_UNREACHABLE_CODE = YES;
				CLANG_WARN__DUPLICATE_METHOD_MATCH = YES;
				COPY_PHASE_STRIP = NO;
				DEBUG_INFORMATION_FORMAT = dwarf;
				DEVELOPMENT_TEAM = 3LZ2R96K44;
				ENABLE_STRICT_OBJC_MSGSEND = YES;
				ENABLE_TESTABILITY = YES;
				ENABLE_USER_SCRIPT_SANDBOXING = YES;
				GCC_C_LANGUAGE_STANDARD = gnu17;
				GCC_DYNAMIC_NO_PIC = NO;
				GCC_NO_COMMON_BLOCKS = YES;
				GCC_OPTIMIZATION_LEVEL = 0;
				GCC_PREPROCESSOR_DEFINITIONS = (
					"DEBUG=1",
					"$(inherited)",
				);
				GCC_WARN_64_TO_32_BIT_CONVERSION = YES;
				GCC_WARN_ABOUT_RETURN_TYPE = YES_ERROR;
				GCC_WARN_UNDECLARED_SELECTOR = YES;
				GCC_WARN_UNINITIALIZED_AUTOS = YES_AGGRESSIVE;
				GCC_WARN_UNUSED_FUNCTION = YES;
				GCC_WARN_UNUSED_VARIABLE = YES;
				IPHONEOS_DEPLOYMENT_TARGET = 18.0;
				LOCALIZATION_PREFERS_STRING_CATALOGS = YES;
				MTL_ENABLE_DEBUG_INFO = INCLUDE_SOURCE;
				MTL_FAST_MATH = YES;
				ONLY_ACTIVE_ARCH = YES;
				SDKROOT = iphoneos;
				STRING_CATALOG_GENERATE_SYMBOLS = YES;
				SWIFT_ACTIVE_COMPILATION_CONDITIONS = "DEBUG $(inherited)";
				SWIFT_OPTIMIZATION_LEVEL = "-Onone";
			};
			name = Debug;
		};
		90DFF8982F4A7B43005F8971 /* Release */ = {
			isa = XCBuildConfiguration;
			buildSettings = {
				ALWAYS_SEARCH_USER_PATHS = NO;
				ASSETCATALOG_COMPILER_GENERATE_SWIFT_ASSET_SYMBOL_EXTENSIONS = YES;
				CLANG_ANALYZER_NONNULL = YES;
				CLANG_ANALYZER_NUMBER_OBJECT_CONVERSION = YES_AGGRESSIVE;
				CLANG_CXX_LANGUAGE_STANDARD = "gnu++20";
				CLANG_ENABLE_MODULES = YES;
				CLANG_ENABLE_OBJC_ARC = YES;
				CLANG_ENABLE_OBJC_WEAK = YES;
				CLANG_WARN_BLOCK_CAPTURE_AUTORELEASING = YES;
				CLANG_WARN_BOOL_CONVERSION = YES;
				CLANG_WARN_COMMA = YES;
				CLANG_WARN_CONSTANT_CONVERSION = YES;
				CLANG_WARN_DEPRECATED_OBJC_IMPLEMENTATIONS = YES;
				CLANG_WARN_DIRECT_OBJC_ISA_USAGE = YES_ERROR;
				CLANG_WARN_DOCUMENTATION_COMMENTS = YES;
				CLANG_WARN_EMPTY_BODY = YES;
				CLANG_WARN_ENUM_CONVERSION = YES;
				CLANG_WARN_INFINITE_RECURSION = YES;
				CLANG_WARN_INT_CONVERSION = YES;
				CLANG_WARN_NON_LITERAL_NULL_CONVERSION = YES;
				CLANG_WARN_OBJC_IMPLICIT_RETAIN_SELF = YES;
				CLANG_WARN_OBJC_LITERAL_CONVERSION = YES;
				CLANG_WARN_OBJC_ROOT_CLASS = YES_ERROR;
				CLANG_WARN_QUOTED_INCLUDE_IN_FRAMEWORK_HEADER = YES;
				CLANG_WARN_RANGE_LOOP_ANALYSIS = YES;
				CLANG_WARN_STRICT_PROTOTYPES = YES;
				CLANG_WARN_SUSPICIOUS_MOVE = YES;
				CLANG_WARN_UNGUARDED_AVAILABILITY = YES_AGGRESSIVE;
				CLANG_WARN_UNREACHABLE_CODE = YES;
				CLANG_WARN__DUPLICATE_METHOD_MATCH = YES;
				COPY_PHASE_STRIP = NO;
				DEBUG_INFORMATION_FORMAT = "dwarf-with-dsym";
				DEVELOPMENT_TEAM = 3LZ2R96K44;
				ENABLE_NS_ASSERTIONS = NO;
				ENABLE_STRICT_OBJC_MSGSEND = YES;
				ENABLE_USER_SCRIPT_SANDBOXING = YES;
				GCC_C_LANGUAGE_STANDARD = gnu17;
				GCC_NO_COMMON_BLOCKS = YES;
				GCC_WARN_64_TO_32_BIT_CONVERSION = YES;
				GCC_WARN_ABOUT_RETURN_TYPE = YES_ERROR;
				GCC_WARN_UNDECLARED_SELECTOR = YES;
				GCC_WARN_UNINITIALIZED_AUTOS = YES_AGGRESSIVE;
				GCC_WARN_UNUSED_FUNCTION = YES;
				GCC_WARN_UNUSED_VARIABLE = YES;
				IPHONEOS_DEPLOYMENT_TARGET = 18.0;
				LOCALIZATION_PREFERS_STRING_CATALOGS = YES;
				MTL_ENABLE_DEBUG_INFO = NO;
				MTL_FAST_MATH = YES;
				SDKROOT = iphoneos;
				STRING_CATALOG_GENERATE_SYMBOLS = YES;
				SWIFT_COMPILATION_MODE = wholemodule;
				VALIDATE_PRODUCT = YES;
			};
			name = Release;
		};
		90DFF89A2F4A7B43005F8971 /* Debug */ = {
			isa = XCBuildConfiguration;
			buildSettings = {
				ASSETCATALOG_COMPILER_APPICON_NAME = AppIcon;
				ASSETCATALOG_COMPILER_GLOBAL_ACCENT_COLOR_NAME = AccentColor;
				CODE_SIGN_STYLE = Automatic;
				CURRENT_PROJECT_VERSION = 1;
				DEVELOPMENT_TEAM = 3LZ2R96K44;
				ENABLE_PREVIEWS = YES;
				GENERATE_INFOPLIST_FILE = YES;
				INFOPLIST_KEY_NSCameraUsageDescription = "Momento needs camera access to scan objects and create 3D digital twins of your collectibles.";
				INFOPLIST_KEY_NSFaceIDUsageDescription = "Momento uses Face ID to protect your private collection.";
				INFOPLIST_KEY_NSMicrophoneUsageDescription = "Momento needs microphone access to record voice memos for your collection items.";
				INFOPLIST_KEY_NSPhotoLibraryUsageDescription = "Momento needs photo library access to attach photos to your collection items.";
				INFOPLIST_KEY_UIApplicationSceneManifest_Generation = YES;
				INFOPLIST_KEY_UIApplicationSupportsIndirectInputEvents = YES;
				INFOPLIST_KEY_UILaunchScreen_Generation = YES;
				INFOPLIST_KEY_UISupportedInterfaceOrientations_iPad = "UIInterfaceOrientationPortrait UIInterfaceOrientationPortraitUpsideDown UIInterfaceOrientationLandscapeLeft UIInterfaceOrientationLandscapeRight";
				INFOPLIST_KEY_UISupportedInterfaceOrientations_iPhone = "UIInterfaceOrientationPortrait UIInterfaceOrientationLandscapeLeft UIInterfaceOrientationLandscapeRight";
				IPHONEOS_DEPLOYMENT_TARGET = 18.0;
				LD_RUNPATH_SEARCH_PATHS = (
					"$(inherited)",
					"@executable_path/Frameworks",
				);
				MARKETING_VERSION = 1.0;
				PRODUCT_BUNDLE_IDENTIFIER = marcshaw.MOMENTO;
				PRODUCT_NAME = "$(TARGET_NAME)";
				STRING_CATALOG_GENERATE_SYMBOLS = YES;
				SWIFT_APPROACHABLE_CONCURRENCY = YES;
				SWIFT_DEFAULT_ACTOR_ISOLATION = MainActor;
				SWIFT_EMIT_LOC_STRINGS = YES;
				SWIFT_UPCOMING_FEATURE_MEMBER_IMPORT_VISIBILITY = YES;
				SWIFT_VERSION = 5.0;
				TARGETED_DEVICE_FAMILY = "1,2";
			};
			name = Debug;
		};
		90DFF89B2F4A7B43005F8971 /* Release */ = {
			isa = XCBuildConfiguration;
			buildSettings = {
				ASSETCATALOG_COMPILER_APPICON_NAME = AppIcon;
				ASSETCATALOG_COMPILER_GLOBAL_ACCENT_COLOR_NAME = AccentColor;
				CODE_SIGN_STYLE = Automatic;
				CURRENT_PROJECT_VERSION = 1;
				DEVELOPMENT_TEAM = 3LZ2R96K44;
				ENABLE_PREVIEWS = YES;
				GENERATE_INFOPLIST_FILE = YES;
				INFOPLIST_KEY_NSCameraUsageDescription = "Momento needs camera access to scan objects and create 3D digital twins of your collectibles.";
				INFOPLIST_KEY_NSFaceIDUsageDescription = "Momento uses Face ID to protect your private collection.";
				INFOPLIST_KEY_NSMicrophoneUsageDescription = "Momento needs microphone access to record voice memos for your collection items.";
				INFOPLIST_KEY_NSPhotoLibraryUsageDescription = "Momento needs photo library access to attach photos to your collection items.";
				INFOPLIST_KEY_UIApplicationSceneManifest_Generation = YES;
				INFOPLIST_KEY_UIApplicationSupportsIndirectInputEvents = YES;
				INFOPLIST_KEY_UILaunchScreen_Generation = YES;
				INFOPLIST_KEY_UISupportedInterfaceOrientations_iPad = "UIInterfaceOrientationPortrait UIInterfaceOrientationPortraitUpsideDown UIInterfaceOrientationLandscapeLeft UIInterfaceOrientationLandscapeRight";
				INFOPLIST_KEY_UISupportedInterfaceOrientations_iPhone = "UIInterfaceOrientationPortrait UIInterfaceOrientationLandscapeLeft UIInterfaceOrientationLandscapeRight";
				IPHONEOS_DEPLOYMENT_TARGET = 18.0;
				LD_RUNPATH_SEARCH_PATHS = (
					"$(inherited)",
					"@executable_path/Frameworks",
				);
				MARKETING_VERSION = 1.0;
				PRODUCT_BUNDLE_IDENTIFIER = marcshaw.MOMENTO;
				PRODUCT_NAME = "$(TARGET_NAME)";
				STRING_CATALOG_GENERATE_SYMBOLS = YES;
				SWIFT_APPROACHABLE_CONCURRENCY = YES;
				SWIFT_DEFAULT_ACTOR_ISOLATION = MainActor;
				SWIFT_EMIT_LOC_STRINGS = YES;
				SWIFT_UPCOMING_FEATURE_MEMBER_IMPORT_VISIBILITY = YES;
				SWIFT_VERSION = 5.0;
				TARGETED_DEVICE_FAMILY = "1,2";
			};
			name = Release;
		};
		FE708D744C4A4865CA1C5A4D /* Debug */ = {
			isa = XCBuildConfiguration;
			buildSettings = {
				BUNDLE_LOADER = "$(TEST_HOST)";
				CLANG_ENABLE_OBJC_WEAK = NO;
				CODE_SIGNING_ALLOWED = NO;
				CODE_SIGNING_REQUIRED = NO;
				CODE_SIGN_IDENTITY = "";
				CODE_SIGN_STYLE = Automatic;
				DEVELOPMENT_TEAM = 3LZ2R96K44;
				GENERATE_INFOPLIST_FILE = YES;
				IPHONEOS_DEPLOYMENT_TARGET = 18.0;
				LD_RUNPATH_SEARCH_PATHS = (
					"$(inherited)",
					"@executable_path/Frameworks",
					"@loader_path/Frameworks",
				);
				PRODUCT_BUNDLE_IDENTIFIER = marcshaw.MOMENTOTests;
				PRODUCT_NAME = "$(TARGET_NAME)";
				SDKROOT = iphoneos;
				SWIFT_VERSION = 5.0;
				TARGETED_DEVICE_FAMILY = "1,2";
				TEST_HOST = "$(BUILT_PRODUCTS_DIR)/MOMENTO.app/$(BUNDLE_EXECUTABLE_FOLDER_PATH)/MOMENTO";
			};
			name = Debug;
		};
/* End XCBuildConfiguration section */

/* Begin XCConfigurationList section */
		754D29E6BC265FE12C8A2838 /* Build configuration list for PBXNativeTarget "MOMENTOTests" */ = {
			isa = XCConfigurationList;
			buildConfigurations = (
				49B316AE04B7433FE0101F64 /* Release */,
				FE708D744C4A4865CA1C5A4D /* Debug */,
			);
			defaultConfigurationIsVisible = 0;
			defaultConfigurationName = Release;
		};
		90DFF8892F4A7B42005F8971 /* Build configuration list for PBXProject "MOMENTO" */ = {
			isa = XCConfigurationList;
			buildConfigurations = (
				90DFF8972F4A7B43005F8971 /* Debug */,
				90DFF8982F4A7B43005F8971 /* Release */,
			);
			defaultConfigurationIsVisible = 0;
			defaultConfigurationName = Release;
		};
		90DFF8992F4A7B43005F8971 /* Build configuration list for PBXNativeTarget "MOMENTO" */ = {
			isa = XCConfigurationList;
			buildConfigurations = (
				90DFF89A2F4A7B43005F8971 /* Debug */,
				90DFF89B2F4A7B43005F8971 /* Release */,
			);
			defaultConfigurationIsVisible = 0;
			defaultConfigurationName = Release;
		};
/* End XCConfigurationList section */
	};
	rootObject = 90DFF8862F4A7B42005F8971 /* Project object */;
}
